// !$*UTF8*$!
{
	archiveVersion = 1;
	classes = {
	};
	objectVersion = 50;
	objects = {

/* Begin PBXBuildFile section */
		B514611F228259A00038E068 /* AppDelegate.swift in Sources */ = {isa = PBXBuildFile; fileRef = B514611E228259A00038E068 /* AppDelegate.swift */; };
		B5146121228259A00038E068 /* HomeController.swift in Sources */ = {isa = PBXBuildFile; fileRef = B5146120228259A00038E068 /* HomeController.swift */; };
		B5146124228259A00038E068 /* Main.storyboard in Resources */ = {isa = PBXBuildFile; fileRef = B5146122228259A00038E068 /* Main.storyboard */; };
		B5146126228259A10038E068 /* Assets.xcassets in Resources */ = {isa = PBXBuildFile; fileRef = B5146125228259A10038E068 /* Assets.xcassets */; };
		B5146129228259A10038E068 /* LaunchScreen.storyboard in Resources */ = {isa = PBXBuildFile; fileRef = B5146127228259A10038E068 /* LaunchScreen.storyboard */; };
		B51461342282605E0038E068 /* Extensions+UIView.swift in Sources */ = {isa = PBXBuildFile; fileRef = B51461332282605E0038E068 /* Extensions+UIView.swift */; };
		B5146137228267D60038E068 /* HomeBottomControlsStackView.swift in Sources */ = {isa = PBXBuildFile; fileRef = B5146136228267D60038E068 /* HomeBottomControlsStackView.swift */; };
		B514613922826ECB0038E068 /* TopNavigationStackView.swift in Sources */ = {isa = PBXBuildFile; fileRef = B514613822826ECB0038E068 /* TopNavigationStackView.swift */; };
		B514613B2283D2AE0038E068 /* CardView.swift in Sources */ = {isa = PBXBuildFile; fileRef = B514613A2283D2AE0038E068 /* CardView.swift */; };
		B514613E22850DB30038E068 /* User.swift in Sources */ = {isa = PBXBuildFile; fileRef = B514613D22850DB30038E068 /* User.swift */; };
		B514614122851A410038E068 /* CardViewModel.swift in Sources */ = {isa = PBXBuildFile; fileRef = B514614022851A410038E068 /* CardViewModel.swift */; };
		B5146144228522610038E068 /* Advertiser.swift in Sources */ = {isa = PBXBuildFile; fileRef = B5146143228522610038E068 /* Advertiser.swift */; };
		B55CEFE42288955800FF54F4 /* RegistrationController.swift in Sources */ = {isa = PBXBuildFile; fileRef = B55CEFE32288955800FF54F4 /* RegistrationController.swift */; };
		B55CEFE622889DDE00FF54F4 /* CustomTextField.swift in Sources */ = {isa = PBXBuildFile; fileRef = B55CEFE522889DDE00FF54F4 /* CustomTextField.swift */; };
/* End PBXBuildFile section */

/* Begin PBXFileReference section */
		B514611B228259A00038E068 /* TinderClone.app */ = {isa = PBXFileReference; explicitFileType = wrapper.application; includeInIndex = 0; path = TinderClone.app; sourceTree = BUILT_PRODUCTS_DIR; };
		B514611E228259A00038E068 /* AppDelegate.swift */ = {isa = PBXFileReference; lastKnownFileType = sourcecode.swift; path = AppDelegate.swift; sourceTree = "<group>"; };
		B5146120228259A00038E068 /* HomeController.swift */ = {isa = PBXFileReference; lastKnownFileType = sourcecode.swift; path = HomeController.swift; sourceTree = "<group>"; };
		B5146123228259A00038E068 /* Base */ = {isa = PBXFileReference; lastKnownFileType = file.storyboard; name = Base; path = Base.lproj/Main.storyboard; sourceTree = "<group>"; };
		B5146125228259A10038E068 /* Assets.xcassets */ = {isa = PBXFileReference; lastKnownFileType = folder.assetcatalog; path = Assets.xcassets; sourceTree = "<group>"; };
		B5146128228259A10038E068 /* Base */ = {isa = PBXFileReference; lastKnownFileType = file.storyboard; name = Base; path = Base.lproj/LaunchScreen.storyboard; sourceTree = "<group>"; };
		B514612A228259A10038E068 /* Info.plist */ = {isa = PBXFileReference; lastKnownFileType = text.plist.xml; path = Info.plist; sourceTree = "<group>"; };
		B51461332282605E0038E068 /* Extensions+UIView.swift */ = {isa = PBXFileReference; fileEncoding = 4; lastKnownFileType = sourcecode.swift; path = "Extensions+UIView.swift"; sourceTree = "<group>"; };
		B5146136228267D60038E068 /* HomeBottomControlsStackView.swift */ = {isa = PBXFileReference; lastKnownFileType = sourcecode.swift; path = HomeBottomControlsStackView.swift; sourceTree = "<group>"; };
		B514613822826ECB0038E068 /* TopNavigationStackView.swift */ = {isa = PBXFileReference; lastKnownFileType = sourcecode.swift; path = TopNavigationStackView.swift; sourceTree = "<group>"; };
		B514613A2283D2AE0038E068 /* CardView.swift */ = {isa = PBXFileReference; lastKnownFileType = sourcecode.swift; path = CardView.swift; sourceTree = "<group>"; };
		B514613D22850DB30038E068 /* User.swift */ = {isa = PBXFileReference; lastKnownFileType = sourcecode.swift; path = User.swift; sourceTree = "<group>"; };
		B514614022851A410038E068 /* CardViewModel.swift */ = {isa = PBXFileReference; lastKnownFileType = sourcecode.swift; path = CardViewModel.swift; sourceTree = "<group>"; };
		B5146143228522610038E068 /* Advertiser.swift */ = {isa = PBXFileReference; lastKnownFileType = sourcecode.swift; path = Advertiser.swift; sourceTree = "<group>"; };
		B55CEFE32288955800FF54F4 /* RegistrationController.swift */ = {isa = PBXFileReference; lastKnownFileType = sourcecode.swift; path = RegistrationController.swift; sourceTree = "<group>"; };
		B55CEFE522889DDE00FF54F4 /* CustomTextField.swift */ = {isa = PBXFileReference; lastKnownFileType = sourcecode.swift; path = CustomTextField.swift; sourceTree = "<group>"; };
/* End PBXFileReference section */

/* Begin PBXFrameworksBuildPhase section */
		B5146118228259A00038E068 /* Frameworks */ = {
			isa = PBXFrameworksBuildPhase;
			buildActionMask = 2147483647;
			files = (
			);
			runOnlyForDeploymentPostprocessing = 0;
		};
/* End PBXFrameworksBuildPhase section */

/* Begin PBXGroup section */
		B5146112228259A00038E068 = {
			isa = PBXGroup;
			children = (
				B514611D228259A00038E068 /* TinderClone */,
				B514611C228259A00038E068 /* Products */,
			);
			sourceTree = "<group>";
		};
		B514611C228259A00038E068 /* Products */ = {
			isa = PBXGroup;
			children = (
				B514611B228259A00038E068 /* TinderClone.app */,
			);
			name = Products;
			sourceTree = "<group>";
		};
		B514611D228259A00038E068 /* TinderClone */ = {
			isa = PBXGroup;
			children = (
				B514613C22850DA50038E068 /* Model */,
				B5146135228267A90038E068 /* Views */,
				B514613F228519EE0038E068 /* ViewModels */,
				B514614222851E840038E068 /* Controllers */,
				B5146130228260100038E068 /* Extensions */,
				B514611E228259A00038E068 /* AppDelegate.swift */,
				B5146122228259A00038E068 /* Main.storyboard */,
				B5146125228259A10038E068 /* Assets.xcassets */,
				B5146127228259A10038E068 /* LaunchScreen.storyboard */,
				B514612A228259A10038E068 /* Info.plist */,
			);
			path = TinderClone;
			sourceTree = "<group>";
		};
		B5146130228260100038E068 /* Extensions */ = {
			isa = PBXGroup;
			children = (
				B51461332282605E0038E068 /* Extensions+UIView.swift */,
			);
			path = Extensions;
			sourceTree = "<group>";
		};
		B5146135228267A90038E068 /* Views */ = {
			isa = PBXGroup;
			children = (
				B5146136228267D60038E068 /* HomeBottomControlsStackView.swift */,
				B514613822826ECB0038E068 /* TopNavigationStackView.swift */,
				B514613A2283D2AE0038E068 /* CardView.swift */,
				B55CEFE522889DDE00FF54F4 /* CustomTextField.swift */,
			);
			path = Views;
			sourceTree = "<group>";
		};
		B514613C22850DA50038E068 /* Model */ = {
			isa = PBXGroup;
			children = (
				B514613D22850DB30038E068 /* User.swift */,
				B5146143228522610038E068 /* Advertiser.swift */,
			);
			path = Model;
			sourceTree = "<group>";
		};
		B514613F228519EE0038E068 /* ViewModels */ = {
			isa = PBXGroup;
			children = (
				B514614022851A410038E068 /* CardViewModel.swift */,
			);
			path = ViewModels;
			sourceTree = "<group>";
		};
		B514614222851E840038E068 /* Controllers */ = {
			isa = PBXGroup;
			children = (
				B5146120228259A00038E068 /* HomeController.swift */,
				B55CEFE32288955800FF54F4 /* RegistrationController.swift */,
			);
			path = Controllers;
			sourceTree = "<group>";
		};
/* End PBXGroup section */

/* Begin PBXNativeTarget section */
		B514611A228259A00038E068 /* TinderClone */ = {
			isa = PBXNativeTarget;
			buildConfigurationList = B514612D228259A10038E068 /* Build configuration list for PBXNativeTarget "TinderClone" */;
			buildPhases = (
				B5146117228259A00038E068 /* Sources */,
				B5146118228259A00038E068 /* Frameworks */,
				B5146119228259A00038E068 /* Resources */,
			);
			buildRules = (
			);
			dependencies = (
			);
			name = TinderClone;
			productName = TinderClone;
			productReference = B514611B228259A00038E068 /* TinderClone.app */;
			productType = "com.apple.product-type.application";
		};
/* End PBXNativeTarget section */

/* Begin PBXProject section */
		B5146113228259A00038E068 /* Project object */ = {
			isa = PBXProject;
			attributes = {
				LastSwiftUpdateCheck = 1010;
				LastUpgradeCheck = 1010;
				ORGANIZATIONNAME = "David Doll";
				TargetAttributes = {
					B514611A228259A00038E068 = {
						CreatedOnToolsVersion = 10.1;
					};
				};
			};
			buildConfigurationList = B5146116228259A00038E068 /* Build configuration list for PBXProject "TinderClone" */;
			compatibilityVersion = "Xcode 9.3";
			developmentRegion = en;
			hasScannedForEncodings = 0;
			knownRegions = (
				en,
				Base,
			);
			mainGroup = B5146112228259A00038E068;
			productRefGroup = B514611C228259A00038E068 /* Products */;
			projectDirPath = "";
			projectRoot = "";
			targets = (
				B514611A228259A00038E068 /* TinderClone */,
			);
		};
/* End PBXProject section */

/* Begin PBXResourcesBuildPhase section */
		B5146119228259A00038E068 /* Resources */ = {
			isa = PBXResourcesBuildPhase;
			buildActionMask = 2147483647;
			files = (
				B5146129228259A10038E068 /* LaunchScreen.storyboard in Resources */,
				B5146126228259A10038E068 /* Assets.xcassets in Resources */,
				B5146124228259A00038E068 /* Main.storyboard in Resources */,
			);
			runOnlyForDeploymentPostprocessing = 0;
		};
/* End PBXResourcesBuildPhase section */

/* Begin PBXSourcesBuildPhase section */
		B5146117228259A00038E068 /* Sources */ = {
			isa = PBXSourcesBuildPhase;
			buildActionMask = 2147483647;
			files = (
				B5146121228259A00038E068 /* HomeController.swift in Sources */,
				B55CEFE622889DDE00FF54F4 /* CustomTextField.swift in Sources */,
				B5146137228267D60038E068 /* HomeBottomControlsStackView.swift in Sources */,
				B5146144228522610038E068 /* Advertiser.swift in Sources */,
				B514611F228259A00038E068 /* AppDelegate.swift in Sources */,
				B51461342282605E0038E068 /* Extensions+UIView.swift in Sources */,
				B514614122851A410038E068 /* CardViewModel.swift in Sources */,
				B514613B2283D2AE0038E068 /* CardView.swift in Sources */,
				B514613922826ECB0038E068 /* TopNavigationStackView.swift in Sources */,
				B55CEFE42288955800FF54F4 /* RegistrationController.swift in Sources */,
				B514613E22850DB30038E068 /* User.swift in Sources */,
			);
			runOnlyForDeploymentPostprocessing = 0;
		};
/* End PBXSourcesBuildPhase section */

/* Begin PBXVariantGroup section */
		B5146122228259A00038E068 /* Main.storyboard */ = {
			isa = PBXVariantGroup;
			children = (
				B5146123228259A00038E068 /* Base */,
			);
			name = Main.storyboard;
			sourceTree = "<group>";
		};
		B5146127228259A10038E068 /* LaunchScreen.storyboard */ = {
			isa = PBXVariantGroup;
			children = (
				B5146128228259A10038E068 /* Base */,
			);
			name = LaunchScreen.storyboard;
			sourceTree = "<group>";
		};
/* End PBXVariantGroup section */

/* Begin XCBuildConfiguration section */
		B514612B228259A10038E068 /* Debug */ = {
			isa = XCBuildConfiguration;
			buildSettings = {
				ALWAYS_SEARCH_USER_PATHS = NO;
				CLANG_ANALYZER_NONNULL = YES;
				CLANG_ANALYZER_NUMBER_OBJECT_CONVERSION = YES_AGGRESSIVE;
				CLANG_CXX_LANGUAGE_STANDARD = "gnu++14";
				CLANG_CXX_LIBRARY = "libc++";
				CLANG_ENABLE_MODULES = YES;
				CLANG_ENABLE_OBJC_ARC = YES;
				CLANG_ENABLE_OBJC_WEAK = YES;
				CLANG_WARN_BLOCK_CAPTURE_AUTORELEASING = YES;
				CLANG_WARN_BOOL_CONVERSION = YES;
				CLANG_WARN_COMMA = YES;
				CLANG_WARN_CONSTANT_CONVERSION = YES;
				CLANG_WARN_DEPRECATED_OBJC_IMPLEMENTATIONS = YES;
				CLANG_WARN_DIRECT_OBJC_ISA_USAGE = YES_ERROR;
				CLANG_WARN_DOCUMENTATION_COMMENTS = YES;
				CLANG_WARN_EMPTY_BODY = YES;
				CLANG_WARN_ENUM_CONVERSION = YES;
				CLANG_WARN_INFINITE_RECURSION = YES;
				CLANG_WARN_INT_CONVERSION = YES;
				CLANG_WARN_NON_LITERAL_NULL_CONVERSION = YES;
				CLANG_WARN_OBJC_IMPLICIT_RETAIN_SELF = YES;
				CLANG_WARN_OBJC_LITERAL_CONVERSION = YES;
				CLANG_WARN_OBJC_ROOT_CLASS = YES_ERROR;
				CLANG_WARN_RANGE_LOOP_ANALYSIS = YES;
				CLANG_WARN_STRICT_PROTOTYPES = YES;
				CLANG_WARN_SUSPICIOUS_MOVE = YES;
				CLANG_WARN_UNGUARDED_AVAILABILITY = YES_AGGRESSIVE;
				CLANG_WARN_UNREACHABLE_CODE = YES;
				CLANG_WARN__DUPLICATE_METHOD_MATCH = YES;
				CODE_SIGN_IDENTITY = "iPhone Developer";
				COPY_PHASE_STRIP = NO;
				DEBUG_INFORMATION_FORMAT = dwarf;
				ENABLE_STRICT_OBJC_MSGSEND = YES;
				ENABLE_TESTABILITY = YES;
				GCC_C_LANGUAGE_STANDARD = gnu11;
				GCC_DYNAMIC_NO_PIC = NO;
				GCC_NO_COMMON_BLOCKS = YES;
				GCC_OPTIMIZATION_LEVEL = 0;
				GCC_PREPROCESSOR_DEFINITIONS = (
					"DEBUG=1",
					"$(inherited)",
				);
				GCC_WARN_64_TO_32_BIT_CONVERSION = YES;
				GCC_WARN_ABOUT_RETURN_TYPE = YES_ERROR;
				GCC_WARN_UNDECLARED_SELECTOR = YES;
				GCC_WARN_UNINITIALIZED_AUTOS = YES_AGGRESSIVE;
				GCC_WARN_UNUSED_FUNCTION = YES;
				GCC_WARN_UNUSED_VARIABLE = YES;
				IPHONEOS_DEPLOYMENT_TARGET = 12.1;
				MTL_ENABLE_DEBUG_INFO = INCLUDE_SOURCE;
				MTL_FAST_MATH = YES;
				ONLY_ACTIVE_ARCH = YES;
				SDKROOT = iphoneos;
				SWIFT_ACTIVE_COMPILATION_CONDITIONS = DEBUG;
				SWIFT_OPTIMIZATION_LEVEL = "-Onone";
			};
			name = Debug;
		};
		B514612C228259A10038E068 /* Release */ = {
			isa = XCBuildConfiguration;
			buildSettings = {
				ALWAYS_SEARCH_USER_PATHS = NO;
				CLANG_ANALYZER_NONNULL = YES;
				CLANG_ANALYZER_NUMBER_OBJECT_CONVERSION = YES_AGGRESSIVE;
				CLANG_CXX_LANGUAGE_STANDARD = "gnu++14";
				CLANG_CXX_LIBRARY = "libc++";
				CLANG_ENABLE_MODULES = YES;
				CLANG_ENABLE_OBJC_ARC = YES;
				CLANG_ENABLE_OBJC_WEAK = YES;
				CLANG_WARN_BLOCK_CAPTURE_AUTORELEASING = YES;
				CLANG_WARN_BOOL_CONVERSION = YES;
				CLANG_WARN_COMMA = YES;
				CLANG_WARN_CONSTANT_CONVERSION = YES;
				CLANG_WARN_DEPRECATED_OBJC_IMPLEMENTATIONS = YES;
				CLANG_WARN_DIRECT_OBJC_ISA_USAGE = YES_ERROR;
				CLANG_WARN_DOCUMENTATION_COMMENTS = YES;
				CLANG_WARN_EMPTY_BODY = YES;
				CLANG_WARN_ENUM_CONVERSION = YES;
				CLANG_WARN_INFINITE_RECURSION = YES;
				CLANG_WARN_INT_CONVERSION = YES;
				CLANG_WARN_NON_LITERAL_NULL_CONVERSION = YES;
				CLANG_WARN_OBJC_IMPLICIT_RETAIN_SELF = YES;
				CLANG_WARN_OBJC_LITERAL_CONVERSION = YES;
				CLANG_WARN_OBJC_ROOT_CLASS = YES_ERROR;
				CLANG_WARN_RANGE_LOOP_ANALYSIS = YES;
				CLANG_WARN_STRICT_PROTOTYPES = YES;
				CLANG_WARN_SUSPICIOUS_MOVE = YES;
				CLANG_WARN_UNGUARDED_AVAILABILITY = YES_AGGRESSIVE;
				CLANG_WARN_UNREACHABLE_CODE = YES;
				CLANG_WARN__DUPLICATE_METHOD_MATCH = YES;
				CODE_SIGN_IDENTITY = "iPhone Developer";
				COPY_PHASE_STRIP = NO;
				DEBUG_INFORMATION_FORMAT = "dwarf-with-dsym";
				ENABLE_NS_ASSERTIONS = NO;
				ENABLE_STRICT_OBJC_MSGSEND = YES;
				GCC_C_LANGUAGE_STANDARD = gnu11;
				GCC_NO_COMMON_BLOCKS = YES;
				GCC_WARN_64_TO_32_BIT_CONVERSION = YES;
				GCC_WARN_ABOUT_RETURN_TYPE = YES_ERROR;
				GCC_WARN_UNDECLARED_SELECTOR = YES;
				GCC_WARN_UNINITIALIZED_AUTOS = YES_AGGRESSIVE;
				GCC_WARN_UNUSED_FUNCTION = YES;
				GCC_WARN_UNUSED_VARIABLE = YES;
				IPHONEOS_DEPLOYMENT_TARGET = 12.1;
				MTL_ENABLE_DEBUG_INFO = NO;
				MTL_FAST_MATH = YES;
				SDKROOT = iphoneos;
				SWIFT_COMPILATION_MODE = wholemodule;
				SWIFT_OPTIMIZATION_LEVEL = "-O";
				VALIDATE_PRODUCT = YES;
			};
			name = Release;
		};
		B514612E228259A10038E068 /* Debug */ = {
			isa = XCBuildConfiguration;
			buildSettings = {
				ASSETCATALOG_COMPILER_APPICON_NAME = AppIcon;
				CODE_SIGN_STYLE = Automatic;
				DEVELOPMENT_TEAM = F3JZ64GS9D;
				INFOPLIST_FILE = TinderClone/Info.plist;
				LD_RUNPATH_SEARCH_PATHS = (
					"$(inherited)",
					"@executable_path/Frameworks",
				);
				PRODUCT_BUNDLE_IDENTIFIER = com.david.TinderClone;
				PRODUCT_NAME = "$(TARGET_NAME)";
				SWIFT_VERSION = 4.2;
				TARGETED_DEVICE_FAMILY = "1,2";
			};
			name = Debug;
		};
		B514612F228259A10038E068 /* Release */ = {
			isa = XCBuildConfiguration;
			buildSettings = {
				ASSETCATALOG_COMPILER_APPICON_NAME = AppIcon;
				CODE_SIGN_STYLE = Automatic;
				DEVELOPMENT_TEAM = F3JZ64GS9D;
				INFOPLIST_FILE = TinderClone/Info.plist;
				LD_RUNPATH_SEARCH_PATHS = (
					"$(inherited)",
					"@executable_path/Frameworks",
				);
				PRODUCT_BUNDLE_IDENTIFIER = com.david.TinderClone;
				PRODUCT_NAME = "$(TARGET_NAME)";
				SWIFT_VERSION = 4.2;
				TARGETED_DEVICE_FAMILY = "1,2";
			};
			name = Release;
		};
/* End XCBuildConfiguration section */

/* Begin XCConfigurationList section */
		B5146116228259A00038E068 /* Build configuration list for PBXProject "TinderClone" */ = {
			isa = XCConfigurationList;
			buildConfigurations = (
				B514612B228259A10038E068 /* Debug */,
				B514612C228259A10038E068 /* Release */,
			);
			defaultConfigurationIsVisible = 0;
			defaultConfigurationName = Release;
		};
		B514612D228259A10038E068 /* Build configuration list for PBXNativeTarget "TinderClone" */ = {
			isa = XCConfigurationList;
			buildConfigurations = (
				B514612E228259A10038E068 /* Debug */,
				B514612F228259A10038E068 /* Release */,
			);
			defaultConfigurationIsVisible = 0;
			defaultConfigurationName = Release;
		};
/* End XCConfigurationList section */
	};
	rootObject = B5146113228259A00038E068 /* Project object */;
}
